
Microsoft Visual Studio Solution File, Format Version 12.00
# Visual Studio 14
VisualStudioVersion = 14.0.25420.1
MinimumVisualStudioVersion = 10.0.40219.1
Project("{FAE04EC0-301F-11D3-BF4B-00C04F79EFBC}") = "Pharmay0.0.2", "Pharmay0.0.2\Pharmay0.0.2.csproj", "{B3B49E69-9485-413A-B55E-A55BB5623CFC}"
EndProject
Global
	GlobalSection(SolutionConfigurationPlatforms) = preSolution
		Debug|Any CPU = Debug|Any CPU
		Release|Any CPU = Release|Any CPU
	EndGlobalSection
	GlobalSection(ProjectConfigurationPlatforms) = postSolution
		{B3B49E69-9485-413A-B55E-A55BB5623CFC}.Debug|Any CPU.ActiveCfg = Debug|Any CPU
		{B3B49E69-9485-413A-B55E-A55BB5623CFC}.Debug|Any CPU.Build.0 = Debug|Any CPU
		{B3B49E69-9485-413A-B55E-A55BB5623CFC}.Release|Any CPU.ActiveCfg = Release|Any CPU
		{B3B49E69-9485-413A-B55E-A55BB5623CFC}.Release|Any CPU.Build.0 = Release|Any CPU
	EndGlobalSection
	GlobalSection(SolutionProperties) = preSolution
		HideSolutionNode = FALSE
	EndGlobalSection
EndGlobal
